<?xml version="1.0" encoding="utf-8"?>
<Project ToolsVersion="4.0" xmlns="http://schemas.microsoft.com/developer/msbuild/2003">
  <ItemGroup>
    <Filter Include="소스 파일">
      <UniqueIdentifier>{4FC737F1-C7A5-4376-A066-2A32D752A2FF}</UniqueIdentifier>
      <Extensions>cpp;c;cc;cxx;c++;cppm;ixx;def;odl;idl;hpj;bat;asm;asmx</Extensions>
    </Filter>
    <Filter Include="헤더 파일">
      <UniqueIdentifier>{93995380-89BD-4b04-88EB-625FBE52EBFB}</UniqueIdentifier>
      <Extensions>h;hh;hpp;hxx;h++;hm;inl;inc;ipp;xsd</Extensions>
    </Filter>
    <Filter Include="리소스 파일">
      <UniqueIdentifier>{67DA6AB6-F800-4c08-8B7A-83BB121AAD01}</UniqueIdentifier>
      <Extensions>rc;ico;cur;bmp;dlg;rc2;rct;bin;rgs;gif;jpg;jpeg;jpe;resx;tiff;tif;png;wav;mfcribbon-ms</Extensions>
    </Filter>
  </ItemGroup>
  <ItemGroup>
    <ClCompile Include="PokerPoker\main.c">
      <Filter>소스 파일</Filter>
    </ClCompile>
    <ClCompile Include="PokerPoker\core\game.c">
      <Filter>소스 파일</Filter>
    </ClCompile>
    <ClCompile Include="PokerPoker\scene\menu_scene.c">
      <Filter>소스 파일</Filter>
    </ClCompile>
    <ClCompile Include="PokerPoker\system\input.c">
      <Filter>소스 파일</Filter>
    </ClCompile>
    <ClCompile Include="PokerPoker\system\console.c">
      <Filter>소스 파일</Filter>
    </ClCompile>
    <ClCompile Include="PokerPoker\ui\main_system_ui.c">
      <Filter>소스 파일</Filter>
    </ClCompile>
    <ClCompile Include="PokerPoker\data\player.c">
      <Filter>소스 파일</Filter>
    </ClCompile>
    <ClCompile Include="PokerPoker\poker\betting_system.c">
      <Filter>소스 파일</Filter>
    </ClCompile>
    <ClCompile Include="PokerPoker\data\table.c">
      <Filter>소스 파일</Filter>
    </ClCompile>
    <ClCompile Include="PokerPoker\data\deck.c">
      <Filter>소스 파일</Filter>
    </ClCompile>
    <ClCompile Include="PokerPoker\dealer\dealer.c">
      <Filter>소스 파일</Filter>
    </ClCompile>
    <ClCompile Include="PokerPoker\game\game_flow.c">
      <Filter>소스 파일</Filter>
    </ClCompile>
    <ClCompile Include="PokerPoker\AI\ai.c">
      <Filter>소스 파일</Filter>
    </ClCompile>
    <ClCompile Include="PokerPoker\poker\hand_evaluator.c">
      <Filter>소스 파일</Filter>
    </ClCompile>
    <ClCompile Include="PokerPoker\data\card_string.c">
      <Filter>소스 파일</Filter>
    </ClCompile>
    <ClCompile Include="PokerPoker\data\card_printer.c">
      <Filter>소스 파일</Filter>
    </ClCompile>
    <ClCompile Include="PokerPoker\game\turn_system.c">
      <Filter>소스 파일</Filter>
    </ClCompile>
    <ClCompile Include="PokerPoker\AI\win_rate_calculator.c">
      <Filter>소스 파일</Filter>
    </ClCompile>
    <ClCompile Include="PokerPoker\AI\ai_update.c">
      <Filter>소스 파일</Filter>
    </ClCompile>
    <ClCompile Include="PokerPoker\renderer\renderer.c">
      <Filter>소스 파일</Filter>
    </ClCompile>
    <ClCompile Include="PokerPoker\renderer\card_renderer.c">
      <Filter>소스 파일</Filter>
    </ClCompile>
    <ClCompile Include="PokerPoker\renderer\screen_buffer.c">
      <Filter>소스 파일</Filter>
    </ClCompile>
    <ClCompile Include="PokerPoker\renderer\table_renderer.c">
      <Filter>소스 파일</Filter>
    </ClCompile>
    <ClCompile Include="PokerPoker\shop\shop.c">
      <Filter>소스 파일</Filter>
    </ClCompile>
    <ClCompile Include="PokerPoker\system\game_log.c">
      <Filter>소스 파일</Filter>
    </ClCompile>
    <ClCompile Include="PokerPoker\renderer\log_renderer.c">
      <Filter>소스 파일</Filter>
    </ClCompile>
    <ClCompile Include="PokerPoker\audio\audio.c">
      <Filter>소스 파일</Filter>
    </ClCompile>
    <ClCompile Include="PokerPoker\shop\shop_inventory.c">
      <Filter>소스 파일</Filter>
    </ClCompile>
    <ClCompile Include="PokerPoker\shop\shop_effect.c">
      <Filter>소스 파일</Filter>
    </ClCompile>
    <ClCompile Include="PokerPoker\shop\coin.c">
      <Filter>소스 파일</Filter>
    </ClCompile>
    <ClCompile Include="PokerPoker\game\card_swap.c">
      <Filter>소스 파일</Filter>
    </ClCompile>
  </ItemGroup>
  <ItemGroup>
    <ClInclude Include="PokerPoker\core\game.h">
      <Filter>헤더 파일</Filter>
    </ClInclude>
    <ClInclude Include="PokerPoker\system\input.h">
      <Filter>헤더 파일</Filter>
    </ClInclude>
    <ClInclude Include="PokerPoker\scene\menu_scene.h">
      <Filter>헤더 파일</Filter>
    </ClInclude>
    <ClInclude Include="PokerPoker\system\console.h">
      <Filter>헤더 파일</Filter>
    </ClInclude>
    <ClInclude Include="PokerPoker\resource\logo.h">
      <Filter>헤더 파일</Filter>
    </ClInclude>
    <ClInclude Include="PokerPoker\ui\main_system_ui.h">
      <Filter>헤더 파일</Filter>
    </ClInclude>
    <ClInclude Include="PokerPoker\data\player.h">
      <Filter>헤더 파일</Filter>
    </ClInclude>
    <ClInclude Include="PokerPoker\poker\betting_system.h">
      <Filter>헤더 파일</Filter>
    </ClInclude>
    <ClInclude Include="PokerPoker\data\table.h">
      <Filter>헤더 파일</Filter>
    </ClInclude>
    <ClInclude Include="PokerPoker\data\card.h">
      <Filter>헤더 파일</Filter>
    </ClInclude>
    <ClInclude Include="PokerPoker\data\deck.h">
      <Filter>헤더 파일</Filter>
    </ClInclude>
    <ClInclude Include="PokerPoker\dealer\dealer.h">
      <Filter>헤더 파일</Filter>
    </ClInclude>
    <ClInclude Include="PokerPoker\AI\ai.h">
      <Filter>헤더 파일</Filter>
    </ClInclude>
    <ClInclude Include="PokerPoker\enum\action_type.h">
      <Filter>헤더 파일</Filter>
    </ClInclude>
    <ClInclude Include="PokerPoker\enum\ai_state.h">
      <Filter>헤더 파일</Filter>
    </ClInclude>
    <ClInclude Include="PokerPoker\poker\hand_rank.h">
      <Filter>헤더 파일</Filter>
    </ClInclude>
    <ClInclude Include="PokerPoker\poker\hand_evaluator.h">
      <Filter>헤더 파일</Filter>
    </ClInclude>
    <ClInclude Include="PokerPoker\game\game_flow.h">
      <Filter>헤더 파일</Filter>
    </ClInclude>
    <ClInclude Include="PokerPoker\data\card_string.h">
      <Filter>헤더 파일</Filter>
    </ClInclude>
    <ClInclude Include="PokerPoker\data\card_printer.h">
      <Filter>헤더 파일</Filter>
    </ClInclude>
    <ClInclude Include="PokerPoker\game\turn_system.h">
      <Filter>헤더 파일</Filter>
    </ClInclude>
    <ClInclude Include="PokerPoker\AI\win_rate_calculator.h">
      <Filter>헤더 파일</Filter>
    </ClInclude>
    <ClInclude Include="PokerPoker\AI\ai_update.h">
      <Filter>헤더 파일</Filter>
    </ClInclude>
    <ClInclude Include="PokerPoker\renderer\renderer.h">
      <Filter>헤더 파일</Filter>
    </ClInclude>
    <ClInclude Include="PokerPoker\renderer\screen_buffer.h">
      <Filter>헤더 파일</Filter>
    </ClInclude>
    <ClInclude Include="PokerPoker\renderer\card_renderer.h">
      <Filter>헤더 파일</Filter>
    </ClInclude>
    <ClInclude Include="PokerPoker\renderer\table_renderer.h">
      <Filter>헤더 파일</Filter>
    </ClInclude>
    <ClInclude Include="PokerPoker\shop\shop.h">
      <Filter>헤더 파일</Filter>
    </ClInclude>
    <ClInclude Include="PokerPoker\shop\item.h">
      <Filter>헤더 파일</Filter>
    </ClInclude>
    <ClInclude Include="PokerPoker\system\game_log.h">
      <Filter>헤더 파일</Filter>
    </ClInclude>
    <ClInclude Include="PokerPoker\renderer\log_renderer.h">
      <Filter>헤더 파일</Filter>
    </ClInclude>
    <ClInclude Include="PokerPoker\enum\log_type.h">
      <Filter>헤더 파일</Filter>
    </ClInclude>
    <ClInclude Include="PokerPoker\audio\audio.h">
      <Filter>헤더 파일</Filter>
    </ClInclude>
    <ClInclude Include="PokerPoker\audio\sound_type.h">
      <Filter>헤더 파일</Filter>
    </ClInclude>
    <ClInclude Include="PokerPoker\shop\shop_inventory.h">
      <Filter>헤더 파일</Filter>
    </ClInclude>
    <ClInclude Include="PokerPoker\shop\shop_effect.h">
      <Filter>헤더 파일</Filter>
    </ClInclude>
    <ClInclude Include="PokerPoker\shop\coin.h">
      <Filter>헤더 파일</Filter>
    </ClInclude>
    <ClInclude Include="PokerPoker\game\card_swap.h">
      <Filter>헤더 파일</Filter>
    </ClInclude>
  </ItemGroup>
</Project>